
Microsoft Visual Studio Solution File, Format Version 12.00
# Visual Studio 15
VisualStudioVersion = 15.0.27004.2002
MinimumVisualStudioVersion = 10.0.40219.1
Project("{FAE04EC0-301F-11D3-BF4B-00C04F79EFBC}") = "GroupDocs.Parser.Live.Demos.UI", "src\GroupDocs.Parser.Live.Demos.UI\GroupDocs.Parser.Live.Demos.UI.csproj", "{CAA89944-C4AC-41CA-A199-E3290AF192BD}"
EndProject
Global
	GlobalSection(SolutionConfigurationPlatforms) = preSolution
		Debug|Any CPU = Debug|Any CPU
		Release|Any CPU = Release|Any CPU
		Staging|Any CPU = Staging|Any CPU
	EndGlobalSection
	GlobalSection(ProjectConfigurationPlatforms) = postSolution
		{CAA89944-C4AC-41CA-A199-E3290AF192BD}.Debug|Any CPU.ActiveCfg = Debug|Any CPU
		{CAA89944-C4AC-41CA-A199-E3290AF192BD}.Debug|Any CPU.Build.0 = Debug|Any CPU
		{CAA89944-C4AC-41CA-A199-E3290AF192BD}.Release|Any CPU.ActiveCfg = Release|Any CPU
		{CAA89944-C4AC-41CA-A199-E3290AF192BD}.Release|Any CPU.Build.0 = Release|Any CPU
		{CAA89944-C4AC-41CA-A199-E3290AF192BD}.Staging|Any CPU.ActiveCfg = Staging|Any CPU
		{CAA89944-C4AC-41CA-A199-E3290AF192BD}.Staging|Any CPU.Build.0 = Staging|Any CPU
	EndGlobalSection
	GlobalSection(SolutionProperties) = preSolution
		HideSolutionNode = FALSE
	EndGlobalSection
	GlobalSection(ExtensibilityGlobals) = postSolution
		SolutionGuid = {A88EA196-6BAD-4AD7-8F6B-58DEE5CC4812}
	EndGlobalSection
EndGlobal
